
Microsoft Visual Studio Solution File, Format Version 12.00
# Visual Studio Version 17
VisualStudioVersion = 17.0.31903.59
MinimumVisualStudioVersion = 10.0.40219.1
Project("{FAE04EC0-301F-11D3-BF4B-00C04F79EFBC}") = "UI", "UI\UI.csproj", "{6D1AC975-6C7E-4E4C-A663-D3C8D1F59B64}"
EndProject
Global
	GlobalSection(SolutionConfigurationPlatforms) = preSolution
		Debug|Any CPU = Debug|Any CPU
		Release|Any CPU = Release|Any CPU
	EndGlobalSection
	GlobalSection(ProjectConfigurationPlatforms) = postSolution
		{6D1AC975-6C7E-4E4C-A663-D3C8D1F59B64}.Debug|Any CPU.ActiveCfg = Debug|Any CPU
		{6D1AC975-6C7E-4E4C-A663-D3C8D1F59B64}.Debug|Any CPU.Build.0 = Debug|Any CPU
		{6D1AC975-6C7E-4E4C-A663-D3C8D1F59B64}.Release|Any CPU.ActiveCfg = Release|Any CPU
		{6D1AC975-6C7E-4E4C-A663-D3C8D1F59B64}.Release|Any CPU.Build.0 = Release|Any CPU
	EndGlobalSection
	GlobalSection(SolutionProperties) = preSolution
		HideSolutionNode = FALSE
	EndGlobalSection
	GlobalSection(ExtensibilityGlobals) = postSolution
		SolutionGuid = {7218407C-4EAE-4038-BEB9-E89637AE5D57}
	EndGlobalSection
EndGlobal
