
Microsoft Visual Studio Solution File, Format Version 12.00
# Visual Studio Version 17
VisualStudioVersion = 17.0.31903.59
MinimumVisualStudioVersion = 10.0.40219.1
Project("{9A19103F-16F7-4668-BE54-9A1E7A4F7556}") = "Server", "Server\Server.csproj", "{EBFBE295-D05D-44E7-97C0-77BB755B177C}"
EndProject
Project("{9A19103F-16F7-4668-BE54-9A1E7A4F7556}") = "Servers", "Servers\Servers.csproj", "{B05A7457-1EFE-44E8-8D07-7B9ADB4B34C2}"
EndProject
Global
	GlobalSection(SolutionConfigurationPlatforms) = preSolution
		Debug|Any CPU = Debug|Any CPU
		Release|Any CPU = Release|Any CPU
	EndGlobalSection
	GlobalSection(ProjectConfigurationPlatforms) = postSolution
		{EBFBE295-D05D-44E7-97C0-77BB755B177C}.Debug|Any CPU.ActiveCfg = Debug|Any CPU
		{EBFBE295-D05D-44E7-97C0-77BB755B177C}.Debug|Any CPU.Build.0 = Debug|Any CPU
		{EBFBE295-D05D-44E7-97C0-77BB755B177C}.Release|Any CPU.ActiveCfg = Release|Any CPU
		{EBFBE295-D05D-44E7-97C0-77BB755B177C}.Release|Any CPU.Build.0 = Release|Any CPU
		{B05A7457-1EFE-44E8-8D07-7B9ADB4B34C2}.Debug|Any CPU.ActiveCfg = Debug|Any CPU
		{B05A7457-1EFE-44E8-8D07-7B9ADB4B34C2}.Debug|Any CPU.Build.0 = Debug|Any CPU
		{B05A7457-1EFE-44E8-8D07-7B9ADB4B34C2}.Release|Any CPU.ActiveCfg = Release|Any CPU
		{B05A7457-1EFE-44E8-8D07-7B9ADB4B34C2}.Release|Any CPU.Build.0 = Release|Any CPU
	EndGlobalSection
	GlobalSection(SolutionProperties) = preSolution
		HideSolutionNode = FALSE
	EndGlobalSection
	GlobalSection(ExtensibilityGlobals) = postSolution
		SolutionGuid = {E10C61BB-49EC-4780-869A-E93D584BA218}
	EndGlobalSection
EndGlobal
