
Microsoft Visual Studio Solution File, Format Version 12.00
# Visual Studio Version 17
VisualStudioVersion = 17.0.31903.59
MinimumVisualStudioVersion = 10.0.40219.1
Project("{FAE04EC0-301F-11D3-BF4B-00C04F79EFBC}") = "Server", "Server\Server.csproj", "{EBFBE295-D05D-44E7-97C0-77BB755B177C}"
EndProject
Global
	GlobalSection(SolutionConfigurationPlatforms) = preSolution
		Debug|Any CPU = Debug|Any CPU
		Release|Any CPU = Release|Any CPU
	EndGlobalSection
	GlobalSection(ProjectConfigurationPlatforms) = postSolution
		{EBFBE295-D05D-44E7-97C0-77BB755B177C}.Debug|Any CPU.ActiveCfg = Debug|Any CPU
		{EBFBE295-D05D-44E7-97C0-77BB755B177C}.Debug|Any CPU.Build.0 = Debug|Any CPU
		{EBFBE295-D05D-44E7-97C0-77BB755B177C}.Release|Any CPU.ActiveCfg = Release|Any CPU
		{EBFBE295-D05D-44E7-97C0-77BB755B177C}.Release|Any CPU.Build.0 = Release|Any CPU
	EndGlobalSection
	GlobalSection(SolutionProperties) = preSolution
		HideSolutionNode = FALSE
	EndGlobalSection
	GlobalSection(ExtensibilityGlobals) = postSolution
		SolutionGuid = {E10C61BB-49EC-4780-869A-E93D584BA218}
	EndGlobalSection
EndGlobal
